
Microsoft Visual Studio Solution File, Format Version 12.00
# Visual Studio 15
VisualStudioVersion = 15.0.28307.902
MinimumVisualStudioVersion = 10.0.40219.1
Project("{FAE04EC0-301F-11D3-BF4B-00C04F79EFBC}") = "SimpleAPI2", "SimpleAPI2\SimpleAPI2.csproj", "{4AA66692-2AB9-4E39-BC8C-2D3FD382C1AB}"
EndProject
Project("{FAE04EC0-301F-11D3-BF4B-00C04F79EFBC}") = "SimpleAPI2.Test", "SimpleAPI2.Test\SimpleAPI2.Test.csproj", "{923E5B58-CBB5-4FBB-A1B8-A71808EB2A34}"
EndProject
Global
	GlobalSection(SolutionConfigurationPlatforms) = preSolution
		Debug|Any CPU = Debug|Any CPU
		Release|Any CPU = Release|Any CPU
	EndGlobalSection
	GlobalSection(ProjectConfigurationPlatforms) = postSolution
		{4AA66692-2AB9-4E39-BC8C-2D3FD382C1AB}.Debug|Any CPU.ActiveCfg = Debug|Any CPU
		{4AA66692-2AB9-4E39-BC8C-2D3FD382C1AB}.Debug|Any CPU.Build.0 = Debug|Any CPU
		{4AA66692-2AB9-4E39-BC8C-2D3FD382C1AB}.Release|Any CPU.ActiveCfg = Release|Any CPU
		{4AA66692-2AB9-4E39-BC8C-2D3FD382C1AB}.Release|Any CPU.Build.0 = Release|Any CPU
		{923E5B58-CBB5-4FBB-A1B8-A71808EB2A34}.Debug|Any CPU.ActiveCfg = Debug|Any CPU
		{923E5B58-CBB5-4FBB-A1B8-A71808EB2A34}.Debug|Any CPU.Build.0 = Debug|Any CPU
		{923E5B58-CBB5-4FBB-A1B8-A71808EB2A34}.Release|Any CPU.ActiveCfg = Release|Any CPU
		{923E5B58-CBB5-4FBB-A1B8-A71808EB2A34}.Release|Any CPU.Build.0 = Release|Any CPU
	EndGlobalSection
	GlobalSection(SolutionProperties) = preSolution
		HideSolutionNode = FALSE
	EndGlobalSection
	GlobalSection(ExtensibilityGlobals) = postSolution
		SolutionGuid = {FE7DAB00-0997-42B1-8CCC-FF4F93D3A277}
	EndGlobalSection
EndGlobal
